// !$*UTF8*$!
{
	archiveVersion = 1;
	classes = {
	};
	objectVersion = 50;
	objects = {

/* Begin PBXBuildFile section */
		FFCCDC9B25C1694D004A0748 /* SwiftBookAppPatternsSwiftUIApp.swift in Sources */ = {isa = PBXBuildFile; fileRef = FFCCDC9A25C1694D004A0748 /* SwiftBookAppPatternsSwiftUIApp.swift */; };
		FFCCDC9D25C1694D004A0748 /* ContentView.swift in Sources */ = {isa = PBXBuildFile; fileRef = FFCCDC9C25C1694D004A0748 /* ContentView.swift */; };
		FFCCDC9F25C1694E004A0748 /* Assets.xcassets in Resources */ = {isa = PBXBuildFile; fileRef = FFCCDC9E25C1694E004A0748 /* Assets.xcassets */; };
		FFCCDCA225C1694E004A0748 /* Preview Assets.xcassets in Resources */ = {isa = PBXBuildFile; fileRef = FFCCDCA125C1694E004A0748 /* Preview Assets.xcassets */; };
/* End PBXBuildFile section */

/* Begin PBXFileReference section */
		FFCCDC9725C1694D004A0748 /* SwiftBookAppPatternsSwiftUI.app */ = {isa = PBXFileReference; explicitFileType = wrapper.application; includeInIndex = 0; path = SwiftBookAppPatternsSwiftUI.app; sourceTree = BUILT_PRODUCTS_DIR; };
		FFCCDC9A25C1694D004A0748 /* SwiftBookAppPatternsSwiftUIApp.swift */ = {isa = PBXFileReference; lastKnownFileType = sourcecode.swift; path = SwiftBookAppPatternsSwiftUIApp.swift; sourceTree = "<group>"; };
		FFCCDC9C25C1694D004A0748 /* ContentView.swift */ = {isa = PBXFileReference; lastKnownFileType = sourcecode.swift; path = ContentView.swift; sourceTree = "<group>"; };
		FFCCDC9E25C1694E004A0748 /* Assets.xcassets */ = {isa = PBXFileReference; lastKnownFileType = folder.assetcatalog; path = Assets.xcassets; sourceTree = "<group>"; };
		FFCCDCA125C1694E004A0748 /* Preview Assets.xcassets */ = {isa = PBXFileReference; lastKnownFileType = folder.assetcatalog; path = "Preview Assets.xcassets"; sourceTree = "<group>"; };
		FFCCDCA325C1694E004A0748 /* Info.plist */ = {isa = PBXFileReference; lastKnownFileType = text.plist.xml; path = Info.plist; sourceTree = "<group>"; };
/* End PBXFileReference section */

/* Begin PBXFrameworksBuildPhase section */
		FFCCDC9425C1694D004A0748 /* Frameworks */ = {
			isa = PBXFrameworksBuildPhase;
			buildActionMask = 2147483647;
			files = (
			);
			runOnlyForDeploymentPostprocessing = 0;
		};
/* End PBXFrameworksBuildPhase section */

/* Begin PBXGroup section */
		FFCCDC8E25C1694D004A0748 = {
			isa = PBXGroup;
			children = (
				FFCCDC9925C1694D004A0748 /* SwiftBookAppPatternsSwiftUI */,
				FFCCDC9825C1694D004A0748 /* Products */,
			);
			sourceTree = "<group>";
		};
		FFCCDC9825C1694D004A0748 /* Products */ = {
			isa = PBXGroup;
			children = (
				FFCCDC9725C1694D004A0748 /* SwiftBookAppPatternsSwiftUI.app */,
			);
			name = Products;
			sourceTree = "<group>";
		};
		FFCCDC9925C1694D004A0748 /* SwiftBookAppPatternsSwiftUI */ = {
			isa = PBXGroup;
			children = (
				FFCCDC9A25C1694D004A0748 /* SwiftBookAppPatternsSwiftUIApp.swift */,
				FFCCDC9C25C1694D004A0748 /* ContentView.swift */,
				FFCCDC9E25C1694E004A0748 /* Assets.xcassets */,
				FFCCDCA325C1694E004A0748 /* Info.plist */,
				FFCCDCA025C1694E004A0748 /* Preview Content */,
			);
			path = SwiftBookAppPatternsSwiftUI;
			sourceTree = "<group>";
		};
		FFCCDCA025C1694E004A0748 /* Preview Content */ = {
			isa = PBXGroup;
			children = (
				FFCCDCA125C1694E004A0748 /* Preview Assets.xcassets */,
			);
			path = "Preview Content";
			sourceTree = "<group>";
		};
/* End PBXGroup section */

/* Begin PBXNativeTarget section */
		FFCCDC9625C1694D004A0748 /* SwiftBookAppPatternsSwiftUI */ = {
			isa = PBXNativeTarget;
			buildConfigurationList = FFCCDCA625C1694E004A0748 /* Build configuration list for PBXNativeTarget "SwiftBookAppPatternsSwiftUI" */;
			buildPhases = (
				FFCCDC9325C1694D004A0748 /* Sources */,
				FFCCDC9425C1694D004A0748 /* Frameworks */,
				FFCCDC9525C1694D004A0748 /* Resources */,
			);
			buildRules = (
			);
			dependencies = (
			);
			name = SwiftBookAppPatternsSwiftUI;
			productName = SwiftBookAppPatternsSwiftUI;
			productReference = FFCCDC9725C1694D004A0748 /* SwiftBookAppPatternsSwiftUI.app */;
			productType = "com.apple.product-type.application";
		};
/* End PBXNativeTarget section */

/* Begin PBXProject section */
		FFCCDC8F25C1694D004A0748 /* Project object */ = {
			isa = PBXProject;
			attributes = {
				LastSwiftUpdateCheck = 1230;
				LastUpgradeCheck = 1230;
				TargetAttributes = {
					FFCCDC9625C1694D004A0748 = {
						CreatedOnToolsVersion = 12.3;
					};
				};
			};
			buildConfigurationList = FFCCDC9225C1694D004A0748 /* Build configuration list for PBXProject "SwiftBookAppPatternsSwiftUI" */;
			compatibilityVersion = "Xcode 9.3";
			developmentRegion = en;
			hasScannedForEncodings = 0;
			knownRegions = (
				en,
				Base,
			);
			mainGroup = FFCCDC8E25C1694D004A0748;
			productRefGroup = FFCCDC9825C1694D004A0748 /* Products */;
			projectDirPath = "";
			projectRoot = "";
			targets = (
				FFCCDC9625C1694D004A0748 /* SwiftBookAppPatternsSwiftUI */,
			);
		};
/* End PBXProject section */

/* Begin PBXResourcesBuildPhase section */
		FFCCDC9525C1694D004A0748 /* Resources */ = {
			isa = PBXResourcesBuildPhase;
			buildActionMask = 2147483647;
			files = (
				FFCCDCA225C1694E004A0748 /* Preview Assets.xcassets in Resources */,
				FFCCDC9F25C1694E004A0748 /* Assets.xcassets in Resources */,
			);
			runOnlyForDeploymentPostprocessing = 0;
		};
/* End PBXResourcesBuildPhase section */

/* Begin PBXSourcesBuildPhase section */
		FFCCDC9325C1694D004A0748 /* Sources */ = {
			isa = PBXSourcesBuildPhase;
			buildActionMask = 2147483647;
			files = (
				FFCCDC9D25C1694D004A0748 /* ContentView.swift in Sources */,
				FFCCDC9B25C1694D004A0748 /* SwiftBookAppPatternsSwiftUIApp.swift in Sources */,
			);
			runOnlyForDeploymentPostprocessing = 0;
		};
/* End PBXSourcesBuildPhase section */

/* Begin XCBuildConfiguration section */
		FFCCDCA425C1694E004A0748 /* Debug */ = {
			isa = XCBuildConfiguration;
			buildSettings = {
				ALWAYS_SEARCH_USER_PATHS = NO;
				CLANG_ANALYZER_NONNULL = YES;
				CLANG_ANALYZER_NUMBER_OBJECT_CONVERSION = YES_AGGRESSIVE;
				CLANG_CXX_LANGUAGE_STANDARD = "gnu++14";
				CLANG_CXX_LIBRARY = "libc++";
				CLANG_ENABLE_MODULES = YES;
				CLANG_ENABLE_OBJC_ARC = YES;
				CLANG_ENABLE_OBJC_WEAK = YES;
				CLANG_WARN_BLOCK_CAPTURE_AUTORELEASING = YES;
				CLANG_WARN_BOOL_CONVERSION = YES;
				CLANG_WARN_COMMA = YES;
				CLANG_WARN_CONSTANT_CONVERSION = YES;
				CLANG_WARN_DEPRECATED_OBJC_IMPLEMENTATIONS = YES;
				CLANG_WARN_DIRECT_OBJC_ISA_USAGE = YES_ERROR;
				CLANG_WARN_DOCUMENTATION_COMMENTS = YES;
				CLANG_WARN_EMPTY_BODY = YES;
				CLANG_WARN_ENUM_CONVERSION = YES;
				CLANG_WARN_INFINITE_RECURSION = YES;
				CLANG_WARN_INT_CONVERSION = YES;
				CLANG_WARN_NON_LITERAL_NULL_CONVERSION = YES;
				CLANG_WARN_OBJC_IMPLICIT_RETAIN_SELF = YES;
				CLANG_WARN_OBJC_LITERAL_CONVERSION = YES;
				CLANG_WARN_OBJC_ROOT_CLASS = YES_ERROR;
				CLANG_WARN_QUOTED_INCLUDE_IN_FRAMEWORK_HEADER = YES;
				CLANG_WARN_RANGE_LOOP_ANALYSIS = YES;
				CLANG_WARN_STRICT_PROTOTYPES = YES;
				CLANG_WARN_SUSPICIOUS_MOVE = YES;
				CLANG_WARN_UNGUARDED_AVAILABILITY = YES_AGGRESSIVE;
				CLANG_WARN_UNREACHABLE_CODE = YES;
				CLANG_WARN__DUPLICATE_METHOD_MATCH = YES;
				COPY_PHASE_STRIP = NO;
				DEBUG_INFORMATION_FORMAT = dwarf;
				ENABLE_STRICT_OBJC_MSGSEND = YES;
				ENABLE_TESTABILITY = YES;
				GCC_C_LANGUAGE_STANDARD = gnu11;
				GCC_DYNAMIC_NO_PIC = NO;
				GCC_NO_COMMON_BLOCKS = YES;
				GCC_OPTIMIZATION_LEVEL = 0;
				GCC_PREPROCESSOR_DEFINITIONS = (
					"DEBUG=1",
					"$(inherited)",
				);
				GCC_WARN_64_TO_32_BIT_CONVERSION = YES;
				GCC_WARN_ABOUT_RETURN_TYPE = YES_ERROR;
				GCC_WARN_UNDECLARED_SELECTOR = YES;
				GCC_WARN_UNINITIALIZED_AUTOS = YES_AGGRESSIVE;
				GCC_WARN_UNUSED_FUNCTION = YES;
				GCC_WARN_UNUSED_VARIABLE = YES;
				IPHONEOS_DEPLOYMENT_TARGET = 14.3;
				MTL_ENABLE_DEBUG_INFO = INCLUDE_SOURCE;
				MTL_FAST_MATH = YES;
				ONLY_ACTIVE_ARCH = YES;
				SDKROOT = iphoneos;
				SWIFT_ACTIVE_COMPILATION_CONDITIONS = DEBUG;
				SWIFT_OPTIMIZATION_LEVEL = "-Onone";
			};
			name = Debug;
		};
		FFCCDCA525C1694E004A0748 /* Release */ = {
			isa = XCBuildConfiguration;
			buildSettings = {
				ALWAYS_SEARCH_USER_PATHS = NO;
				CLANG_ANALYZER_NONNULL = YES;
				CLANG_ANALYZER_NUMBER_OBJECT_CONVERSION = YES_AGGRESSIVE;
				CLANG_CXX_LANGUAGE_STANDARD = "gnu++14";
				CLANG_CXX_LIBRARY = "libc++";
				CLANG_ENABLE_MODULES = YES;
				CLANG_ENABLE_OBJC_ARC = YES;
				CLANG_ENABLE_OBJC_WEAK = YES;
				CLANG_WARN_BLOCK_CAPTURE_AUTORELEASING = YES;
				CLANG_WARN_BOOL_CONVERSION = YES;
				CLANG_WARN_COMMA = YES;
				CLANG_WARN_CONSTANT_CONVERSION = YES;
				CLANG_WARN_DEPRECATED_OBJC_IMPLEMENTATIONS = YES;
				CLANG_WARN_DIRECT_OBJC_ISA_USAGE = YES_ERROR;
				CLANG_WARN_DOCUMENTATION_COMMENTS = YES;
				CLANG_WARN_EMPTY_BODY = YES;
				CLANG_WARN_ENUM_CONVERSION = YES;
				CLANG_WARN_INFINITE_RECURSION = YES;
				CLANG_WARN_INT_CONVERSION = YES;
				CLANG_WARN_NON_LITERAL_NULL_CONVERSION = YES;
				CLANG_WARN_OBJC_IMPLICIT_RETAIN_SELF = YES;
				CLANG_WARN_OBJC_LITERAL_CONVERSION = YES;
				CLANG_WARN_OBJC_ROOT_CLASS = YES_ERROR;
				CLANG_WARN_QUOTED_INCLUDE_IN_FRAMEWORK_HEADER = YES;
				CLANG_WARN_RANGE_LOOP_ANALYSIS = YES;
				CLANG_WARN_STRICT_PROTOTYPES = YES;
				CLANG_WARN_SUSPICIOUS_MOVE = YES;
				CLANG_WARN_UNGUARDED_AVAILABILITY = YES_AGGRESSIVE;
				CLANG_WARN_UNREACHABLE_CODE = YES;
				CLANG_WARN__DUPLICATE_METHOD_MATCH = YES;
				COPY_PHASE_STRIP = NO;
				DEBUG_INFORMATION_FORMAT = "dwarf-with-dsym";
				ENABLE_NS_ASSERTIONS = NO;
				ENABLE_STRICT_OBJC_MSGSEND = YES;
				GCC_C_LANGUAGE_STANDARD = gnu11;
				GCC_NO_COMMON_BLOCKS = YES;
				GCC_WARN_64_TO_32_BIT_CONVERSION = YES;
				GCC_WARN_ABOUT_RETURN_TYPE = YES_ERROR;
				GCC_WARN_UNDECLARED_SELECTOR = YES;
				GCC_WARN_UNINITIALIZED_AUTOS = YES_AGGRESSIVE;
				GCC_WARN_UNUSED_FUNCTION = YES;
				GCC_WARN_UNUSED_VARIABLE = YES;
				IPHONEOS_DEPLOYMENT_TARGET = 14.3;
				MTL_ENABLE_DEBUG_INFO = NO;
				MTL_FAST_MATH = YES;
				SDKROOT = iphoneos;
				SWIFT_COMPILATION_MODE = wholemodule;
				SWIFT_OPTIMIZATION_LEVEL = "-O";
				VALIDATE_PRODUCT = YES;
			};
			name = Release;
		};
		FFCCDCA725C1694E004A0748 /* Debug */ = {
			isa = XCBuildConfiguration;
			buildSettings = {
				ASSETCATALOG_COMPILER_APPICON_NAME = AppIcon;
				ASSETCATALOG_COMPILER_GLOBAL_ACCENT_COLOR_NAME = AccentColor;
				CODE_SIGN_STYLE = Automatic;
				DEVELOPMENT_ASSET_PATHS = "\"SwiftBookAppPatternsSwiftUI/Preview Content\"";
				DEVELOPMENT_TEAM = JBMRXJPY8V;
				ENABLE_PREVIEWS = YES;
				INFOPLIST_FILE = SwiftBookAppPatternsSwiftUI/Info.plist;
				IPHONEOS_DEPLOYMENT_TARGET = 14.0;
				LD_RUNPATH_SEARCH_PATHS = (
					"$(inherited)",
					"@executable_path/Frameworks",
				);
				PRODUCT_BUNDLE_IDENTIFIER = VS.SwiftBookAppPatternsSwiftUI;
				PRODUCT_NAME = "$(TARGET_NAME)";
				SWIFT_VERSION = 5.0;
				TARGETED_DEVICE_FAMILY = "1,2";
			};
			name = Debug;
		};
		FFCCDCA825C1694E004A0748 /* Release */ = {
			isa = XCBuildConfiguration;
			buildSettings = {
				ASSETCATALOG_COMPILER_APPICON_NAME = AppIcon;
				ASSETCATALOG_COMPILER_GLOBAL_ACCENT_COLOR_NAME = AccentColor;
				CODE_SIGN_STYLE = Automatic;
				DEVELOPMENT_ASSET_PATHS = "\"SwiftBookAppPatternsSwiftUI/Preview Content\"";
				DEVELOPMENT_TEAM = JBMRXJPY8V;
				ENABLE_PREVIEWS = YES;
				INFOPLIST_FILE = SwiftBookAppPatternsSwiftUI/Info.plist;
				IPHONEOS_DEPLOYMENT_TARGET = 14.0;
				LD_RUNPATH_SEARCH_PATHS = (
					"$(inherited)",
					"@executable_path/Frameworks",
				);
				PRODUCT_BUNDLE_IDENTIFIER = VS.SwiftBookAppPatternsSwiftUI;
				PRODUCT_NAME = "$(TARGET_NAME)";
				SWIFT_VERSION = 5.0;
				TARGETED_DEVICE_FAMILY = "1,2";
			};
			name = Release;
		};
/* End XCBuildConfiguration section */

/* Begin XCConfigurationList section */
		FFCCDC9225C1694D004A0748 /* Build configuration list for PBXProject "SwiftBookAppPatternsSwiftUI" */ = {
			isa = XCConfigurationList;
			buildConfigurations = (
				FFCCDCA425C1694E004A0748 /* Debug */,
				FFCCDCA525C1694E004A0748 /* Release */,
			);
			defaultConfigurationIsVisible = 0;
			defaultConfigurationName = Release;
		};
		FFCCDCA625C1694E004A0748 /* Build configuration list for PBXNativeTarget "SwiftBookAppPatternsSwiftUI" */ = {
			isa = XCConfigurationList;
			buildConfigurations = (
				FFCCDCA725C1694E004A0748 /* Debug */,
				FFCCDCA825C1694E004A0748 /* Release */,
			);
			defaultConfigurationIsVisible = 0;
			defaultConfigurationName = Release;
		};
/* End XCConfigurationList section */
	};
	rootObject = FFCCDC8F25C1694D004A0748 /* Project object */;
}
